
Microsoft Visual Studio Solution File, Format Version 12.00
# Visual Studio Version 17
VisualStudioVersion = 17.0.31903.59
MinimumVisualStudioVersion = 10.0.40219.1
Project("{FAE04EC0-301F-11D3-BF4B-00C04F79EFBC}") = "ToDoApp.Server", "ToDoApp.Server\ToDoApp.Server.csproj", "{6747CD49-80EC-403E-9730-3B45030BA524}"
EndProject
Project("{FAE04EC0-301F-11D3-BF4B-00C04F79EFBC}") = "ToDoApp.Interfaces", "ToDoApp.Interfaces\ToDoApp.Interfaces.csproj", "{98469A80-8CE0-45B8-9754-4917B6EC629A}"
EndProject
Project("{FAE04EC0-301F-11D3-BF4B-00C04F79EFBC}") = "ToDoApp.DataAccess", "ToDoApp.DataAccess\ToDoApp.DataAccess.csproj", "{8961A9B8-396A-41F8-9F56-C91291046FEF}"
EndProject
Project("{FAE04EC0-301F-11D3-BF4B-00C04F79EFBC}") = "ToDoApp.Services", "ToDoApp.Services\ToDoApp.Services.csproj", "{5D81EB09-08AD-4243-8706-04F0AA5C6131}"
EndProject
Global
	GlobalSection(SolutionConfigurationPlatforms) = preSolution
		Debug|Any CPU = Debug|Any CPU
		Debug|x64 = Debug|x64
		Debug|x86 = Debug|x86
		Release|Any CPU = Release|Any CPU
		Release|x64 = Release|x64
		Release|x86 = Release|x86
	EndGlobalSection
	GlobalSection(ProjectConfigurationPlatforms) = postSolution
		{6747CD49-80EC-403E-9730-3B45030BA524}.Debug|Any CPU.ActiveCfg = Debug|Any CPU
		{6747CD49-80EC-403E-9730-3B45030BA524}.Debug|Any CPU.Build.0 = Debug|Any CPU
		{6747CD49-80EC-403E-9730-3B45030BA524}.Debug|x64.ActiveCfg = Debug|Any CPU
		{6747CD49-80EC-403E-9730-3B45030BA524}.Debug|x64.Build.0 = Debug|Any CPU
		{6747CD49-80EC-403E-9730-3B45030BA524}.Debug|x86.ActiveCfg = Debug|Any CPU
		{6747CD49-80EC-403E-9730-3B45030BA524}.Debug|x86.Build.0 = Debug|Any CPU
		{6747CD49-80EC-403E-9730-3B45030BA524}.Release|Any CPU.ActiveCfg = Release|Any CPU
		{6747CD49-80EC-403E-9730-3B45030BA524}.Release|Any CPU.Build.0 = Release|Any CPU
		{6747CD49-80EC-403E-9730-3B45030BA524}.Release|x64.ActiveCfg = Release|Any CPU
		{6747CD49-80EC-403E-9730-3B45030BA524}.Release|x64.Build.0 = Release|Any CPU
		{6747CD49-80EC-403E-9730-3B45030BA524}.Release|x86.ActiveCfg = Release|Any CPU
		{6747CD49-80EC-403E-9730-3B45030BA524}.Release|x86.Build.0 = Release|Any CPU
		{98469A80-8CE0-45B8-9754-4917B6EC629A}.Debug|Any CPU.ActiveCfg = Debug|Any CPU
		{98469A80-8CE0-45B8-9754-4917B6EC629A}.Debug|Any CPU.Build.0 = Debug|Any CPU
		{98469A80-8CE0-45B8-9754-4917B6EC629A}.Debug|x64.ActiveCfg = Debug|Any CPU
		{98469A80-8CE0-45B8-9754-4917B6EC629A}.Debug|x64.Build.0 = Debug|Any CPU
		{98469A80-8CE0-45B8-9754-4917B6EC629A}.Debug|x86.ActiveCfg = Debug|Any CPU
		{98469A80-8CE0-45B8-9754-4917B6EC629A}.Debug|x86.Build.0 = Debug|Any CPU
		{98469A80-8CE0-45B8-9754-4917B6EC629A}.Release|Any CPU.ActiveCfg = Release|Any CPU
		{98469A80-8CE0-45B8-9754-4917B6EC629A}.Release|Any CPU.Build.0 = Release|Any CPU
		{98469A80-8CE0-45B8-9754-4917B6EC629A}.Release|x64.ActiveCfg = Release|Any CPU
		{98469A80-8CE0-45B8-9754-4917B6EC629A}.Release|x64.Build.0 = Release|Any CPU
		{98469A80-8CE0-45B8-9754-4917B6EC629A}.Release|x86.ActiveCfg = Release|Any CPU
		{98469A80-8CE0-45B8-9754-4917B6EC629A}.Release|x86.Build.0 = Release|Any CPU
		{8961A9B8-396A-41F8-9F56-C91291046FEF}.Debug|Any CPU.ActiveCfg = Debug|Any CPU
		{8961A9B8-396A-41F8-9F56-C91291046FEF}.Debug|Any CPU.Build.0 = Debug|Any CPU
		{8961A9B8-396A-41F8-9F56-C91291046FEF}.Debug|x64.ActiveCfg = Debug|Any CPU
		{8961A9B8-396A-41F8-9F56-C91291046FEF}.Debug|x64.Build.0 = Debug|Any CPU
		{8961A9B8-396A-41F8-9F56-C91291046FEF}.Debug|x86.ActiveCfg = Debug|Any CPU
		{8961A9B8-396A-41F8-9F56-C91291046FEF}.Debug|x86.Build.0 = Debug|Any CPU
		{8961A9B8-396A-41F8-9F56-C91291046FEF}.Release|Any CPU.ActiveCfg = Release|Any CPU
		{8961A9B8-396A-41F8-9F56-C91291046FEF}.Release|Any CPU.Build.0 = Release|Any CPU
		{8961A9B8-396A-41F8-9F56-C91291046FEF}.Release|x64.ActiveCfg = Release|Any CPU
		{8961A9B8-396A-41F8-9F56-C91291046FEF}.Release|x64.Build.0 = Release|Any CPU
		{8961A9B8-396A-41F8-9F56-C91291046FEF}.Release|x86.ActiveCfg = Release|Any CPU
		{8961A9B8-396A-41F8-9F56-C91291046FEF}.Release|x86.Build.0 = Release|Any CPU
		{5D81EB09-08AD-4243-8706-04F0AA5C6131}.Debug|Any CPU.ActiveCfg = Debug|Any CPU
		{5D81EB09-08AD-4243-8706-04F0AA5C6131}.Debug|Any CPU.Build.0 = Debug|Any CPU
		{5D81EB09-08AD-4243-8706-04F0AA5C6131}.Debug|x64.ActiveCfg = Debug|Any CPU
		{5D81EB09-08AD-4243-8706-04F0AA5C6131}.Debug|x64.Build.0 = Debug|Any CPU
		{5D81EB09-08AD-4243-8706-04F0AA5C6131}.Debug|x86.ActiveCfg = Debug|Any CPU
		{5D81EB09-08AD-4243-8706-04F0AA5C6131}.Debug|x86.Build.0 = Debug|Any CPU
		{5D81EB09-08AD-4243-8706-04F0AA5C6131}.Release|Any CPU.ActiveCfg = Release|Any CPU
		{5D81EB09-08AD-4243-8706-04F0AA5C6131}.Release|Any CPU.Build.0 = Release|Any CPU
		{5D81EB09-08AD-4243-8706-04F0AA5C6131}.Release|x64.ActiveCfg = Release|Any CPU
		{5D81EB09-08AD-4243-8706-04F0AA5C6131}.Release|x64.Build.0 = Release|Any CPU
		{5D81EB09-08AD-4243-8706-04F0AA5C6131}.Release|x86.ActiveCfg = Release|Any CPU
		{5D81EB09-08AD-4243-8706-04F0AA5C6131}.Release|x86.Build.0 = Release|Any CPU
	EndGlobalSection
	GlobalSection(SolutionProperties) = preSolution
		HideSolutionNode = FALSE
	EndGlobalSection
EndGlobal
